// !$*UTF8*$!
{
	archiveVersion = 1;
	classes = {
	};
	objectVersion = 56;
	objects = {

/* Begin PBXBuildFile section */
		70C84DDB2FD26C15001EBC8A /* AppDelegate.swift in Sources */ = {isa = PBXBuildFile; fileRef = 70C84DDA2FD26C15001EBC8A /* AppDelegate.swift */; };
		70C84DDD2FD26C15001EBC8A /* SceneDelegate.swift in Sources */ = {isa = PBXBuildFile; fileRef = 70C84DDC2FD26C15001EBC8A /* SceneDelegate.swift */; };
		70C84DDF2FD26C15001EBC8A /* HomeViewController.swift in Sources */ = {isa = PBXBuildFile; fileRef = 70C84DDE2FD26C15001EBC8A /* HomeViewController.swift */; };
		70C84DE42FD26C17001EBC8A /* Assets.xcassets in Resources */ = {isa = PBXBuildFile; fileRef = 70C84DE32FD26C17001EBC8A /* Assets.xcassets */; };
		70C84DF72FD26DEB001EBC8A /* UICollectionViewCell+Extension.swift in Sources */ = {isa = PBXBuildFile; fileRef = 70C84DF62FD26DEB001EBC8A /* UICollectionViewCell+Extension.swift */; };
		70C84DF92FD26E1D001EBC8A /* Decimal+Extension.swift in Sources */ = {isa = PBXBuildFile; fileRef = 70C84DF82FD26E1D001EBC8A /* Decimal+Extension.swift */; };
		70C84DFB2FD26E50001EBC8A /* String+Extension.swift in Sources */ = {isa = PBXBuildFile; fileRef = 70C84DFA2FD26E50001EBC8A /* String+Extension.swift */; };
		70C84DFD2FD26E90001EBC8A /* HomeUIModelHelper.swift in Sources */ = {isa = PBXBuildFile; fileRef = 70C84DFC2FD26E90001EBC8A /* HomeUIModelHelper.swift */; };
		70C84E002FD26EF2001EBC8A /* payload.json in Resources */ = {isa = PBXBuildFile; fileRef = 70C84DFF2FD26EF2001EBC8A /* payload.json */; };
		70C84E022FD26F83001EBC8A /* UIHomeModel.swift in Sources */ = {isa = PBXBuildFile; fileRef = 70C84E012FD26F83001EBC8A /* UIHomeModel.swift */; };
		70C84E042FD26F90001EBC8A /* Category.swift in Sources */ = {isa = PBXBuildFile; fileRef = 70C84E032FD26F90001EBC8A /* Category.swift */; };
		70C84E092FD26FE9001EBC8A /* CourseView.swift in Sources */ = {isa = PBXBuildFile; fileRef = 70C84E082FD26FE9001EBC8A /* CourseView.swift */; };
		70C84E0B2FD27044001EBC8A /* ReviewRatingView.swift in Sources */ = {isa = PBXBuildFile; fileRef = 70C84E0A2FD27044001EBC8A /* ReviewRatingView.swift */; };
		70C84E0D2FD2708D001EBC8A /* UdemyBusinessView.swift in Sources */ = {isa = PBXBuildFile; fileRef = 70C84E0C2FD2708D001EBC8A /* UdemyBusinessView.swift */; };
		70C84E0F2FD270C9001EBC8A /* CategoriesView.swift in Sources */ = {isa = PBXBuildFile; fileRef = 70C84E0E2FD270C9001EBC8A /* CategoriesView.swift */; };
		70C84E112FD270F0001EBC8A /* MainBannerVIew.swift in Sources */ = {isa = PBXBuildFile; fileRef = 70C84E102FD270F0001EBC8A /* MainBannerVIew.swift */; };
		70C84E132FD27122001EBC8A /* PlaceholderImageView.swift in Sources */ = {isa = PBXBuildFile; fileRef = 70C84E122FD27122001EBC8A /* PlaceholderImageView.swift */; };
		70C84E152FD27148001EBC8A /* FeaturedCourseView.swift in Sources */ = {isa = PBXBuildFile; fileRef = 70C84E142FD27148001EBC8A /* FeaturedCourseView.swift */; };
		70C84E172FD271DE001EBC8A /* HomeCollectionView.swift in Sources */ = {isa = PBXBuildFile; fileRef = 70C84E162FD271DE001EBC8A /* HomeCollectionView.swift */; };
		70C84E192FD273D8001EBC8A /* AttributedTapLabel.swift in Sources */ = {isa = PBXBuildFile; fileRef = 70C84E182FD273D8001EBC8A /* AttributedTapLabel.swift */; };
		70C84E1B2FD273EE001EBC8A /* MainBannerCollectionViewCell.swift in Sources */ = {isa = PBXBuildFile; fileRef = 70C84E1A2FD273EE001EBC8A /* MainBannerCollectionViewCell.swift */; };
		70C84E1D2FD27461001EBC8A /* UdemyBusinessCollectionViewCell.swift in Sources */ = {isa = PBXBuildFile; fileRef = 70C84E1C2FD27461001EBC8A /* UdemyBusinessCollectionViewCell.swift */; };
		70C84E1F2FD274A2001EBC8A /* CourseCollectionViewCell.swift in Sources */ = {isa = PBXBuildFile; fileRef = 70C84E1E2FD274A2001EBC8A /* CourseCollectionViewCell.swift */; };
		70C84E212FD274C4001EBC8A /* TextHeaderCollectionViewCell.swift in Sources */ = {isa = PBXBuildFile; fileRef = 70C84E202FD274C4001EBC8A /* TextHeaderCollectionViewCell.swift */; };
		70C84E232FD274E4001EBC8A /* CategoriesCollectionViewCell.swift in Sources */ = {isa = PBXBuildFile; fileRef = 70C84E222FD274E4001EBC8A /* CategoriesCollectionViewCell.swift */; };
		70C84E252FD2760A001EBC8A /* FeaturedCourseCollectionViewCell.swift in Sources */ = {isa = PBXBuildFile; fileRef = 70C84E242FD2760A001EBC8A /* FeaturedCourseCollectionViewCell.swift */; };
/* End PBXBuildFile section */

/* Begin PBXFileReference section */
		70C84DD72FD26C15001EBC8A /* BDUI.app */ = {isa = PBXFileReference; explicitFileType = wrapper.application; includeInIndex = 0; path = BDUI.app; sourceTree = BUILT_PRODUCTS_DIR; };
		70C84DDA2FD26C15001EBC8A /* AppDelegate.swift */ = {isa = PBXFileReference; lastKnownFileType = sourcecode.swift; path = AppDelegate.swift; sourceTree = "<group>"; };
		70C84DDC2FD26C15001EBC8A /* SceneDelegate.swift */ = {isa = PBXFileReference; lastKnownFileType = sourcecode.swift; path = SceneDelegate.swift; sourceTree = "<group>"; };
		70C84DDE2FD26C15001EBC8A /* HomeViewController.swift */ = {isa = PBXFileReference; lastKnownFileType = sourcecode.swift; path = HomeViewController.swift; sourceTree = "<group>"; };
		70C84DE32FD26C17001EBC8A /* Assets.xcassets */ = {isa = PBXFileReference; lastKnownFileType = folder.assetcatalog; path = Assets.xcassets; sourceTree = "<group>"; };
		70C84DE82FD26C17001EBC8A /* Info.plist */ = {isa = PBXFileReference; lastKnownFileType = text.plist.xml; path = Info.plist; sourceTree = "<group>"; };
		70C84DF62FD26DEB001EBC8A /* UICollectionViewCell+Extension.swift */ = {isa = PBXFileReference; lastKnownFileType = sourcecode.swift; path = "UICollectionViewCell+Extension.swift"; sourceTree = "<group>"; };
		70C84DF82FD26E1D001EBC8A /* Decimal+Extension.swift */ = {isa = PBXFileReference; lastKnownFileType = sourcecode.swift; path = "Decimal+Extension.swift"; sourceTree = "<group>"; };
		70C84DFA2FD26E50001EBC8A /* String+Extension.swift */ = {isa = PBXFileReference; lastKnownFileType = sourcecode.swift; path = "String+Extension.swift"; sourceTree = "<group>"; };
		70C84DFC2FD26E90001EBC8A /* HomeUIModelHelper.swift */ = {isa = PBXFileReference; lastKnownFileType = sourcecode.swift; path = HomeUIModelHelper.swift; sourceTree = "<group>"; };
		70C84DFF2FD26EF2001EBC8A /* payload.json */ = {isa = PBXFileReference; lastKnownFileType = text.json; path = payload.json; sourceTree = "<group>"; };
		70C84E012FD26F83001EBC8A /* UIHomeModel.swift */ = {isa = PBXFileReference; lastKnownFileType = sourcecode.swift; path = UIHomeModel.swift; sourceTree = "<group>"; };
		70C84E032FD26F90001EBC8A /* Category.swift */ = {isa = PBXFileReference; lastKnownFileType = sourcecode.swift; path = Category.swift; sourceTree = "<group>"; };
		70C84E082FD26FE9001EBC8A /* CourseView.swift */ = {isa = PBXFileReference; lastKnownFileType = sourcecode.swift; path = CourseView.swift; sourceTree = "<group>"; };
		70C84E0A2FD27044001EBC8A /* ReviewRatingView.swift */ = {isa = PBXFileReference; lastKnownFileType = sourcecode.swift; path = ReviewRatingView.swift; sourceTree = "<group>"; };
		70C84E0C2FD2708D001EBC8A /* UdemyBusinessView.swift */ = {isa = PBXFileReference; lastKnownFileType = sourcecode.swift; path = UdemyBusinessView.swift; sourceTree = "<group>"; };
		70C84E0E2FD270C9001EBC8A /* CategoriesView.swift */ = {isa = PBXFileReference; lastKnownFileType = sourcecode.swift; path = CategoriesView.swift; sourceTree = "<group>"; };
		70C84E102FD270F0001EBC8A /* MainBannerVIew.swift */ = {isa = PBXFileReference; lastKnownFileType = sourcecode.swift; path = MainBannerVIew.swift; sourceTree = "<group>"; };
		70C84E122FD27122001EBC8A /* PlaceholderImageView.swift */ = {isa = PBXFileReference; lastKnownFileType = sourcecode.swift; path = PlaceholderImageView.swift; sourceTree = "<group>"; };
		70C84E142FD27148001EBC8A /* FeaturedCourseView.swift */ = {isa = PBXFileReference; lastKnownFileType = sourcecode.swift; path = FeaturedCourseView.swift; sourceTree = "<group>"; };
		70C84E162FD271DE001EBC8A /* HomeCollectionView.swift */ = {isa = PBXFileReference; lastKnownFileType = sourcecode.swift; path = HomeCollectionView.swift; sourceTree = "<group>"; };
		70C84E182FD273D8001EBC8A /* AttributedTapLabel.swift */ = {isa = PBXFileReference; lastKnownFileType = sourcecode.swift; path = AttributedTapLabel.swift; sourceTree = "<group>"; };
		70C84E1A2FD273EE001EBC8A /* MainBannerCollectionViewCell.swift */ = {isa = PBXFileReference; lastKnownFileType = sourcecode.swift; path = MainBannerCollectionViewCell.swift; sourceTree = "<group>"; };
		70C84E1C2FD27461001EBC8A /* UdemyBusinessCollectionViewCell.swift */ = {isa = PBXFileReference; lastKnownFileType = sourcecode.swift; path = UdemyBusinessCollectionViewCell.swift; sourceTree = "<group>"; };
		70C84E1E2FD274A2001EBC8A /* CourseCollectionViewCell.swift */ = {isa = PBXFileReference; lastKnownFileType = sourcecode.swift; path = CourseCollectionViewCell.swift; sourceTree = "<group>"; };
		70C84E202FD274C4001EBC8A /* TextHeaderCollectionViewCell.swift */ = {isa = PBXFileReference; lastKnownFileType = sourcecode.swift; path = TextHeaderCollectionViewCell.swift; sourceTree = "<group>"; };
		70C84E222FD274E4001EBC8A /* CategoriesCollectionViewCell.swift */ = {isa = PBXFileReference; lastKnownFileType = sourcecode.swift; path = CategoriesCollectionViewCell.swift; sourceTree = "<group>"; };
		70C84E242FD2760A001EBC8A /* FeaturedCourseCollectionViewCell.swift */ = {isa = PBXFileReference; lastKnownFileType = sourcecode.swift; path = FeaturedCourseCollectionViewCell.swift; sourceTree = "<group>"; };
/* End PBXFileReference section */

/* Begin PBXFrameworksBuildPhase section */
		70C84DD42FD26C15001EBC8A /* Frameworks */ = {
			isa = PBXFrameworksBuildPhase;
			buildActionMask = 2147483647;
			files = (
			);
			runOnlyForDeploymentPostprocessing = 0;
		};
/* End PBXFrameworksBuildPhase section */

/* Begin PBXGroup section */
		70C84DCE2FD26C15001EBC8A = {
			isa = PBXGroup;
			children = (
				70C84DD92FD26C15001EBC8A /* BDUI */,
				70C84DD82FD26C15001EBC8A /* Products */,
			);
			sourceTree = "<group>";
		};
		70C84DD82FD26C15001EBC8A /* Products */ = {
			isa = PBXGroup;
			children = (
				70C84DD72FD26C15001EBC8A /* BDUI.app */,
			);
			name = Products;
			sourceTree = "<group>";
		};
		70C84DD92FD26C15001EBC8A /* BDUI */ = {
			isa = PBXGroup;
			children = (
				70C84DF42FD26D7C001EBC8A /* Supporting */,
				70C84DF32FD26D6D001EBC8A /* View */,
				70C84DF22FD26D51001EBC8A /* SwiftUIView */,
				70C84DF12FD26D38001EBC8A /* Home */,
				70C84DF02FD26D2E001EBC8A /* Helper */,
				70C84DEF2FD26D1F001EBC8A /* Model */,
				70C84DEE2FD26CEE001EBC8A /* Extension */,
				70C84DF52FD26D8E001EBC8A /* Resources */,
			);
			path = BDUI;
			sourceTree = "<group>";
		};
		70C84DEE2FD26CEE001EBC8A /* Extension */ = {
			isa = PBXGroup;
			children = (
				70C84DF62FD26DEB001EBC8A /* UICollectionViewCell+Extension.swift */,
				70C84DF82FD26E1D001EBC8A /* Decimal+Extension.swift */,
				70C84DFA2FD26E50001EBC8A /* String+Extension.swift */,
			);
			path = Extension;
			sourceTree = "<group>";
		};
		70C84DEF2FD26D1F001EBC8A /* Model */ = {
			isa = PBXGroup;
			children = (
				70C84E052FD26FA8001EBC8A /* APIResponse */,
				70C84E012FD26F83001EBC8A /* UIHomeModel.swift */,
				70C84E032FD26F90001EBC8A /* Category.swift */,
			);
			path = Model;
			sourceTree = "<group>";
		};
		70C84DF02FD26D2E001EBC8A /* Helper */ = {
			isa = PBXGroup;
			children = (
				70C84DFC2FD26E90001EBC8A /* HomeUIModelHelper.swift */,
			);
			path = Helper;
			sourceTree = "<group>";
		};
		70C84DF12FD26D38001EBC8A /* Home */ = {
			isa = PBXGroup;
			children = (
				70C84E162FD271DE001EBC8A /* HomeCollectionView.swift */,
				70C84DDE2FD26C15001EBC8A /* HomeViewController.swift */,
				70C84DFE2FD26EC2001EBC8A /* JSON */,
			);
			path = Home;
			sourceTree = "<group>";
		};
		70C84DF22FD26D51001EBC8A /* SwiftUIView */ = {
			isa = PBXGroup;
			children = (
				70C84E082FD26FE9001EBC8A /* CourseView.swift */,
				70C84E0A2FD27044001EBC8A /* ReviewRatingView.swift */,
				70C84E0C2FD2708D001EBC8A /* UdemyBusinessView.swift */,
				70C84E0E2FD270C9001EBC8A /* CategoriesView.swift */,
				70C84E102FD270F0001EBC8A /* MainBannerVIew.swift */,
				70C84E122FD27122001EBC8A /* PlaceholderImageView.swift */,
				70C84E142FD27148001EBC8A /* FeaturedCourseView.swift */,
			);
			path = SwiftUIView;
			sourceTree = "<group>";
		};
		70C84DF32FD26D6D001EBC8A /* View */ = {
			isa = PBXGroup;
			children = (
				70C84E182FD273D8001EBC8A /* AttributedTapLabel.swift */,
				70C84E1A2FD273EE001EBC8A /* MainBannerCollectionViewCell.swift */,
				70C84E1C2FD27461001EBC8A /* UdemyBusinessCollectionViewCell.swift */,
				70C84E1E2FD274A2001EBC8A /* CourseCollectionViewCell.swift */,
				70C84E202FD274C4001EBC8A /* TextHeaderCollectionViewCell.swift */,
				70C84E222FD274E4001EBC8A /* CategoriesCollectionViewCell.swift */,
				70C84E242FD2760A001EBC8A /* FeaturedCourseCollectionViewCell.swift */,
			);
			path = View;
			sourceTree = "<group>";
		};
		70C84DF42FD26D7C001EBC8A /* Supporting */ = {
			isa = PBXGroup;
			children = (
				70C84DDA2FD26C15001EBC8A /* AppDelegate.swift */,
				70C84DDC2FD26C15001EBC8A /* SceneDelegate.swift */,
				70C84DE82FD26C17001EBC8A /* Info.plist */,
			);
			path = Supporting;
			sourceTree = "<group>";
		};
		70C84DF52FD26D8E001EBC8A /* Resources */ = {
			isa = PBXGroup;
			children = (
				70C84DE32FD26C17001EBC8A /* Assets.xcassets */,
			);
			path = Resources;
			sourceTree = "<group>";
		};
		70C84DFE2FD26EC2001EBC8A /* JSON */ = {
			isa = PBXGroup;
			children = (
				70C84DFF2FD26EF2001EBC8A /* payload.json */,
			);
			path = JSON;
			sourceTree = "<group>";
		};
		70C84E052FD26FA8001EBC8A /* APIResponse */ = {
			isa = PBXGroup;
			children = (
			);
			path = APIResponse;
			sourceTree = "<group>";
		};
/* End PBXGroup section */

/* Begin PBXNativeTarget section */
		70C84DD62FD26C15001EBC8A /* BDUI */ = {
			isa = PBXNativeTarget;
			buildConfigurationList = 70C84DEB2FD26C17001EBC8A /* Build configuration list for PBXNativeTarget "BDUI" */;
			buildPhases = (
				70C84DD32FD26C15001EBC8A /* Sources */,
				70C84DD42FD26C15001EBC8A /* Frameworks */,
				70C84DD52FD26C15001EBC8A /* Resources */,
			);
			buildRules = (
			);
			dependencies = (
			);
			name = BDUI;
			productName = BDUI;
			productReference = 70C84DD72FD26C15001EBC8A /* BDUI.app */;
			productType = "com.apple.product-type.application";
		};
/* End PBXNativeTarget section */

/* Begin PBXProject section */
		70C84DCF2FD26C15001EBC8A /* Project object */ = {
			isa = PBXProject;
			attributes = {
				BuildIndependentTargetsInParallel = 1;
				LastSwiftUpdateCheck = 1420;
				LastUpgradeCheck = 1420;
				TargetAttributes = {
					70C84DD62FD26C15001EBC8A = {
						CreatedOnToolsVersion = 14.2;
					};
				};
			};
			buildConfigurationList = 70C84DD22FD26C15001EBC8A /* Build configuration list for PBXProject "BDUI" */;
			compatibilityVersion = "Xcode 14.0";
			developmentRegion = en;
			hasScannedForEncodings = 0;
			knownRegions = (
				en,
				Base,
			);
			mainGroup = 70C84DCE2FD26C15001EBC8A;
			productRefGroup = 70C84DD82FD26C15001EBC8A /* Products */;
			projectDirPath = "";
			projectRoot = "";
			targets = (
				70C84DD62FD26C15001EBC8A /* BDUI */,
			);
		};
/* End PBXProject section */

/* Begin PBXResourcesBuildPhase section */
		70C84DD52FD26C15001EBC8A /* Resources */ = {
			isa = PBXResourcesBuildPhase;
			buildActionMask = 2147483647;
			files = (
				70C84E002FD26EF2001EBC8A /* payload.json in Resources */,
				70C84DE42FD26C17001EBC8A /* Assets.xcassets in Resources */,
			);
			runOnlyForDeploymentPostprocessing = 0;
		};
/* End PBXResourcesBuildPhase section */

/* Begin PBXSourcesBuildPhase section */
		70C84DD32FD26C15001EBC8A /* Sources */ = {
			isa = PBXSourcesBuildPhase;
			buildActionMask = 2147483647;
			files = (
				70C84DF92FD26E1D001EBC8A /* Decimal+Extension.swift in Sources */,
				70C84DF72FD26DEB001EBC8A /* UICollectionViewCell+Extension.swift in Sources */,
				70C84E212FD274C4001EBC8A /* TextHeaderCollectionViewCell.swift in Sources */,
				70C84DDF2FD26C15001EBC8A /* HomeViewController.swift in Sources */,
				70C84E232FD274E4001EBC8A /* CategoriesCollectionViewCell.swift in Sources */,
				70C84E1F2FD274A2001EBC8A /* CourseCollectionViewCell.swift in Sources */,
				70C84DDB2FD26C15001EBC8A /* AppDelegate.swift in Sources */,
				70C84E022FD26F83001EBC8A /* UIHomeModel.swift in Sources */,
				70C84E042FD26F90001EBC8A /* Category.swift in Sources */,
				70C84E252FD2760A001EBC8A /* FeaturedCourseCollectionViewCell.swift in Sources */,
				70C84E0F2FD270C9001EBC8A /* CategoriesView.swift in Sources */,
				70C84E112FD270F0001EBC8A /* MainBannerVIew.swift in Sources */,
				70C84DFD2FD26E90001EBC8A /* HomeUIModelHelper.swift in Sources */,
				70C84E092FD26FE9001EBC8A /* CourseView.swift in Sources */,
				70C84DFB2FD26E50001EBC8A /* String+Extension.swift in Sources */,
				70C84E1D2FD27461001EBC8A /* UdemyBusinessCollectionViewCell.swift in Sources */,
				70C84E0D2FD2708D001EBC8A /* UdemyBusinessView.swift in Sources */,
				70C84E172FD271DE001EBC8A /* HomeCollectionView.swift in Sources */,
				70C84DDD2FD26C15001EBC8A /* SceneDelegate.swift in Sources */,
				70C84E192FD273D8001EBC8A /* AttributedTapLabel.swift in Sources */,
				70C84E132FD27122001EBC8A /* PlaceholderImageView.swift in Sources */,
				70C84E0B2FD27044001EBC8A /* ReviewRatingView.swift in Sources */,
				70C84E152FD27148001EBC8A /* FeaturedCourseView.swift in Sources */,
				70C84E1B2FD273EE001EBC8A /* MainBannerCollectionViewCell.swift in Sources */,
			);
			runOnlyForDeploymentPostprocessing = 0;
		};
/* End PBXSourcesBuildPhase section */

/* Begin XCBuildConfiguration section */
		70C84DE92FD26C17001EBC8A /* Debug */ = {
			isa = XCBuildConfiguration;
			buildSettings = {
				ALWAYS_SEARCH_USER_PATHS = NO;
				CLANG_ANALYZER_NONNULL = YES;
				CLANG_ANALYZER_NUMBER_OBJECT_CONVERSION = YES_AGGRESSIVE;
				CLANG_CXX_LANGUAGE_STANDARD = "gnu++20";
				CLANG_ENABLE_MODULES = YES;
				CLANG_ENABLE_OBJC_ARC = YES;
				CLANG_ENABLE_OBJC_WEAK = YES;
				CLANG_WARN_BLOCK_CAPTURE_AUTORELEASING = YES;
				CLANG_WARN_BOOL_CONVERSION = YES;
				CLANG_WARN_COMMA = YES;
				CLANG_WARN_CONSTANT_CONVERSION = YES;
				CLANG_WARN_DEPRECATED_OBJC_IMPLEMENTATIONS = YES;
				CLANG_WARN_DIRECT_OBJC_ISA_USAGE = YES_ERROR;
				CLANG_WARN_DOCUMENTATION_COMMENTS = YES;
				CLANG_WARN_EMPTY_BODY = YES;
				CLANG_WARN_ENUM_CONVERSION = YES;
				CLANG_WARN_INFINITE_RECURSION = YES;
				CLANG_WARN_INT_CONVERSION = YES;
				CLANG_WARN_NON_LITERAL_NULL_CONVERSION = YES;
				CLANG_WARN_OBJC_IMPLICIT_RETAIN_SELF = YES;
				CLANG_WARN_OBJC_LITERAL_CONVERSION = YES;
				CLANG_WARN_OBJC_ROOT_CLASS = YES_ERROR;
				CLANG_WARN_QUOTED_INCLUDE_IN_FRAMEWORK_HEADER = YES;
				CLANG_WARN_RANGE_LOOP_ANALYSIS = YES;
				CLANG_WARN_STRICT_PROTOTYPES = YES;
				CLANG_WARN_SUSPICIOUS_MOVE = YES;
				CLANG_WARN_UNGUARDED_AVAILABILITY = YES_AGGRESSIVE;
				CLANG_WARN_UNREACHABLE_CODE = YES;
				CLANG_WARN__DUPLICATE_METHOD_MATCH = YES;
				COPY_PHASE_STRIP = NO;
				DEBUG_INFORMATION_FORMAT = dwarf;
				ENABLE_STRICT_OBJC_MSGSEND = YES;
				ENABLE_TESTABILITY = YES;
				GCC_C_LANGUAGE_STANDARD = gnu11;
				GCC_DYNAMIC_NO_PIC = NO;
				GCC_NO_COMMON_BLOCKS = YES;
				GCC_OPTIMIZATION_LEVEL = 0;
				GCC_PREPROCESSOR_DEFINITIONS = (
					"DEBUG=1",
					"$(inherited)",
				);
				GCC_WARN_64_TO_32_BIT_CONVERSION = YES;
				GCC_WARN_ABOUT_RETURN_TYPE = YES_ERROR;
				GCC_WARN_UNDECLARED_SELECTOR = YES;
				GCC_WARN_UNINITIALIZED_AUTOS = YES_AGGRESSIVE;
				GCC_WARN_UNUSED_FUNCTION = YES;
				GCC_WARN_UNUSED_VARIABLE = YES;
				IPHONEOS_DEPLOYMENT_TARGET = 16.2;
				MTL_ENABLE_DEBUG_INFO = INCLUDE_SOURCE;
				MTL_FAST_MATH = YES;
				ONLY_ACTIVE_ARCH = YES;
				SDKROOT = iphoneos;
				SWIFT_ACTIVE_COMPILATION_CONDITIONS = DEBUG;
				SWIFT_OPTIMIZATION_LEVEL = "-Onone";
			};
			name = Debug;
		};
		70C84DEA2FD26C17001EBC8A /* Release */ = {
			isa = XCBuildConfiguration;
			buildSettings = {
				ALWAYS_SEARCH_USER_PATHS = NO;
				CLANG_ANALYZER_NONNULL = YES;
				CLANG_ANALYZER_NUMBER_OBJECT_CONVERSION = YES_AGGRESSIVE;
				CLANG_CXX_LANGUAGE_STANDARD = "gnu++20";
				CLANG_ENABLE_MODULES = YES;
				CLANG_ENABLE_OBJC_ARC = YES;
				CLANG_ENABLE_OBJC_WEAK = YES;
				CLANG_WARN_BLOCK_CAPTURE_AUTORELEASING = YES;
				CLANG_WARN_BOOL_CONVERSION = YES;
				CLANG_WARN_COMMA = YES;
				CLANG_WARN_CONSTANT_CONVERSION = YES;
				CLANG_WARN_DEPRECATED_OBJC_IMPLEMENTATIONS = YES;
				CLANG_WARN_DIRECT_OBJC_ISA_USAGE = YES_ERROR;
				CLANG_WARN_DOCUMENTATION_COMMENTS = YES;
				CLANG_WARN_EMPTY_BODY = YES;
				CLANG_WARN_ENUM_CONVERSION = YES;
				CLANG_WARN_INFINITE_RECURSION = YES;
				CLANG_WARN_INT_CONVERSION = YES;
				CLANG_WARN_NON_LITERAL_NULL_CONVERSION = YES;
				CLANG_WARN_OBJC_IMPLICIT_RETAIN_SELF = YES;
				CLANG_WARN_OBJC_LITERAL_CONVERSION = YES;
				CLANG_WARN_OBJC_ROOT_CLASS = YES_ERROR;
				CLANG_WARN_QUOTED_INCLUDE_IN_FRAMEWORK_HEADER = YES;
				CLANG_WARN_RANGE_LOOP_ANALYSIS = YES;
				CLANG_WARN_STRICT_PROTOTYPES = YES;
				CLANG_WARN_SUSPICIOUS_MOVE = YES;
				CLANG_WARN_UNGUARDED_AVAILABILITY = YES_AGGRESSIVE;
				CLANG_WARN_UNREACHABLE_CODE = YES;
				CLANG_WARN__DUPLICATE_METHOD_MATCH = YES;
				COPY_PHASE_STRIP = NO;
				DEBUG_INFORMATION_FORMAT = "dwarf-with-dsym";
				ENABLE_NS_ASSERTIONS = NO;
				ENABLE_STRICT_OBJC_MSGSEND = YES;
				GCC_C_LANGUAGE_STANDARD = gnu11;
				GCC_NO_COMMON_BLOCKS = YES;
				GCC_WARN_64_TO_32_BIT_CONVERSION = YES;
				GCC_WARN_ABOUT_RETURN_TYPE = YES_ERROR;
				GCC_WARN_UNDECLARED_SELECTOR = YES;
				GCC_WARN_UNINITIALIZED_AUTOS = YES_AGGRESSIVE;
				GCC_WARN_UNUSED_FUNCTION = YES;
				GCC_WARN_UNUSED_VARIABLE = YES;
				IPHONEOS_DEPLOYMENT_TARGET = 16.2;
				MTL_ENABLE_DEBUG_INFO = NO;
				MTL_FAST_MATH = YES;
				SDKROOT = iphoneos;
				SWIFT_COMPILATION_MODE = wholemodule;
				SWIFT_OPTIMIZATION_LEVEL = "-O";
				VALIDATE_PRODUCT = YES;
			};
			name = Release;
		};
		70C84DEC2FD26C17001EBC8A /* Debug */ = {
			isa = XCBuildConfiguration;
			buildSettings = {
				ASSETCATALOG_COMPILER_APPICON_NAME = AppIcon;
				ASSETCATALOG_COMPILER_GLOBAL_ACCENT_COLOR_NAME = AccentColor;
				CODE_SIGN_STYLE = Automatic;
				CURRENT_PROJECT_VERSION = 1;
				DEVELOPMENT_TEAM = ZW85ZS75QC;
				GENERATE_INFOPLIST_FILE = YES;
				INFOPLIST_FILE = BDUI/Supporting/Info.plist;
				INFOPLIST_KEY_UIApplicationSupportsIndirectInputEvents = YES;
				INFOPLIST_KEY_UILaunchStoryboardName = LaunchScreen;
				INFOPLIST_KEY_UISupportedInterfaceOrientations = "UIInterfaceOrientationLandscapeLeft UIInterfaceOrientationPortrait";
				INFOPLIST_KEY_UISupportedInterfaceOrientations_iPad = "UIInterfaceOrientationLandscapeLeft UIInterfaceOrientationLandscapeRight UIInterfaceOrientationPortrait UIInterfaceOrientationPortraitUpsideDown";
				IPHONEOS_DEPLOYMENT_TARGET = 16.0;
				LD_RUNPATH_SEARCH_PATHS = (
					"$(inherited)",
					"@executable_path/Frameworks",
				);
				MARKETING_VERSION = 1.0;
				PRODUCT_BUNDLE_IDENTIFIER = dev.mobinson.BDUI;
				PRODUCT_NAME = "$(TARGET_NAME)";
				SUPPORTED_PLATFORMS = "iphoneos iphonesimulator";
				SUPPORTS_MACCATALYST = NO;
				SUPPORTS_MAC_DESIGNED_FOR_IPHONE_IPAD = NO;
				SWIFT_EMIT_LOC_STRINGS = YES;
				SWIFT_VERSION = 5.0;
				TARGETED_DEVICE_FAMILY = 1;
			};
			name = Debug;
		};
		70C84DED2FD26C17001EBC8A /* Release */ = {
			isa = XCBuildConfiguration;
			buildSettings = {
				ASSETCATALOG_COMPILER_APPICON_NAME = AppIcon;
				ASSETCATALOG_COMPILER_GLOBAL_ACCENT_COLOR_NAME = AccentColor;
				CODE_SIGN_STYLE = Automatic;
				CURRENT_PROJECT_VERSION = 1;
				DEVELOPMENT_TEAM = ZW85ZS75QC;
				GENERATE_INFOPLIST_FILE = YES;
				INFOPLIST_FILE = BDUI/Supporting/Info.plist;
				INFOPLIST_KEY_UIApplicationSupportsIndirectInputEvents = YES;
				INFOPLIST_KEY_UILaunchStoryboardName = LaunchScreen;
				INFOPLIST_KEY_UISupportedInterfaceOrientations = "UIInterfaceOrientationLandscapeLeft UIInterfaceOrientationPortrait";
				INFOPLIST_KEY_UISupportedInterfaceOrientations_iPad = "UIInterfaceOrientationLandscapeLeft UIInterfaceOrientationLandscapeRight UIInterfaceOrientationPortrait UIInterfaceOrientationPortraitUpsideDown";
				IPHONEOS_DEPLOYMENT_TARGET = 16.0;
				LD_RUNPATH_SEARCH_PATHS = (
					"$(inherited)",
					"@executable_path/Frameworks",
				);
				MARKETING_VERSION = 1.0;
				PRODUCT_BUNDLE_IDENTIFIER = dev.mobinson.BDUI;
				PRODUCT_NAME = "$(TARGET_NAME)";
				SUPPORTED_PLATFORMS = "iphoneos iphonesimulator";
				SUPPORTS_MACCATALYST = NO;
				SUPPORTS_MAC_DESIGNED_FOR_IPHONE_IPAD = NO;
				SWIFT_EMIT_LOC_STRINGS = YES;
				SWIFT_VERSION = 5.0;
				TARGETED_DEVICE_FAMILY = 1;
			};
			name = Release;
		};
/* End XCBuildConfiguration section */

/* Begin XCConfigurationList section */
		70C84DD22FD26C15001EBC8A /* Build configuration list for PBXProject "BDUI" */ = {
			isa = XCConfigurationList;
			buildConfigurations = (
				70C84DE92FD26C17001EBC8A /* Debug */,
				70C84DEA2FD26C17001EBC8A /* Release */,
			);
			defaultConfigurationIsVisible = 0;
			defaultConfigurationName = Release;
		};
		70C84DEB2FD26C17001EBC8A /* Build configuration list for PBXNativeTarget "BDUI" */ = {
			isa = XCConfigurationList;
			buildConfigurations = (
				70C84DEC2FD26C17001EBC8A /* Debug */,
				70C84DED2FD26C17001EBC8A /* Release */,
			);
			defaultConfigurationIsVisible = 0;
			defaultConfigurationName = Release;
		};
/* End XCConfigurationList section */
	};
	rootObject = 70C84DCF2FD26C15001EBC8A /* Project object */;
}
